// !$*UTF8*$!
{
	archiveVersion = 1;
	classes = {
	};
	objectVersion = 46;
	objects = {

/* Begin PBXBuildFile section */
		F002E2C41610F28100CFA3C9 /* bg_main@2x.png in Resources */ = {isa = PBXBuildFile; fileRef = F002E2C31610F28100CFA3C9 /* bg_main@2x.png */; };
		F00C4A3E160A72BA00B22558 /* CatchoomCellView.m in Sources */ = {isa = PBXBuildFile; fileRef = F00C4A3D160A72BA00B22558 /* CatchoomCellView.m */; };
		F01511F31618499E005D4335 /* icon_settings.png in Resources */ = {isa = PBXBuildFile; fileRef = F01511F21618499E005D4335 /* icon_settings.png */; };
		F01511F61618500B005D4335 /* Icon-72.png in Resources */ = {isa = PBXBuildFile; fileRef = F01511F51618500B005D4335 /* Icon-72.png */; };
		F01511F816185020005D4335 /* Icon.png in Resources */ = {isa = PBXBuildFile; fileRef = F01511F716185020005D4335 /* Icon.png */; };
		F01511FA16185026005D4335 /* Icon@2x.png in Resources */ = {isa = PBXBuildFile; fileRef = F01511F916185026005D4335 /* Icon@2x.png */; };
		F01E1B341613A29000954BE3 /* Default@2x.png in Resources */ = {isa = PBXBuildFile; fileRef = F01E1B331613A29000954BE3 /* Default@2x.png */; };
		F01E1B361613A29F00954BE3 /* Default.png in Resources */ = {isa = PBXBuildFile; fileRef = F01E1B351613A29F00954BE3 /* Default.png */; };
		F01E1B381613A2A500954BE3 /* Default-Landscape@2x~ipad.png in Resources */ = {isa = PBXBuildFile; fileRef = F01E1B371613A2A500954BE3 /* Default-Landscape@2x~ipad.png */; };
		F01E1B3A1613A2AB00954BE3 /* Default-Landscape~ipad.png in Resources */ = {isa = PBXBuildFile; fileRef = F01E1B391613A2AB00954BE3 /* Default-Landscape~ipad.png */; };
		F026D62E15FE962E00AC3FC9 /* CFNetwork.framework in Frameworks */ = {isa = PBXBuildFile; fileRef = F026D62D15FE962E00AC3FC9 /* CFNetwork.framework */; };
		F026D63215FE964B00AC3FC9 /* Security.framework in Frameworks */ = {isa = PBXBuildFile; fileRef = F026D63115FE964B00AC3FC9 /* Security.framework */; };
		F026D63415FE965500AC3FC9 /* SystemConfiguration.framework in Frameworks */ = {isa = PBXBuildFile; fileRef = F026D63315FE965500AC3FC9 /* SystemConfiguration.framework */; };
		F026D63615FE965E00AC3FC9 /* QuartzCore.framework in Frameworks */ = {isa = PBXBuildFile; fileRef = F026D63515FE965E00AC3FC9 /* QuartzCore.framework */; };
		F02A7356161109AD0026ADDD /* catchy@2x.png in Resources */ = {isa = PBXBuildFile; fileRef = F02A7355161109AD0026ADDD /* catchy@2x.png */; };
		F02A735C161110910026ADDD /* logo_title@2x.png in Resources */ = {isa = PBXBuildFile; fileRef = F02A735B161110910026ADDD /* logo_title@2x.png */; };
		F03F112D160A8E0900F1CEBD /* libxml2.dylib in Frameworks */ = {isa = PBXBuildFile; fileRef = F026D63715FE966A00AC3FC9 /* libxml2.dylib */; };
		F03F113C160A8F1900F1CEBD /* MobileCoreServices.framework in Frameworks */ = {isa = PBXBuildFile; fileRef = F026D62F15FE964200AC3FC9 /* MobileCoreServices.framework */; };
		F04605171605DA3D0010FB13 /* UIStoryboardSegueNoAnim.m in Sources */ = {isa = PBXBuildFile; fileRef = F04605161605DA3D0010FB13 /* UIStoryboardSegueNoAnim.m */; };
		F05F035A16217AA300933943 /* icomGallery@2x.png in Resources */ = {isa = PBXBuildFile; fileRef = F05F035916217AA300933943 /* icomGallery@2x.png */; };
		F05F035C16217B1E00933943 /* icomGallery.png in Resources */ = {isa = PBXBuildFile; fileRef = F05F035B16217B1E00933943 /* icomGallery.png */; };
		F05F08DF161253E1009A0A17 /* viewport@2x.png in Resources */ = {isa = PBXBuildFile; fileRef = F05F08DE161253E1009A0A17 /* viewport@2x.png */; };
		F060EEDD16138D0000B33DB0 /* cameraButton@2x.png in Resources */ = {isa = PBXBuildFile; fileRef = F060EEDC16138D0000B33DB0 /* cameraButton@2x.png */; };
		F060EEDF16138F1300B33DB0 /* shinyRedButton@2x.png in Resources */ = {isa = PBXBuildFile; fileRef = F060EEDE16138F1300B33DB0 /* shinyRedButton@2x.png */; };
		F0669357160B9B5A00798412 /* Default-568h@2x.png in Resources */ = {isa = PBXBuildFile; fileRef = F0669356160B9B5A00798412 /* Default-568h@2x.png */; };
		F0761D5C161767070011B82E /* SplasScreenViewController.m in Sources */ = {isa = PBXBuildFile; fileRef = F0761D5B161767070011B82E /* SplasScreenViewController.m */; };
		F0761D5F1617708B0011B82E /* UIStoryboardPushNoAnimation.m in Sources */ = {isa = PBXBuildFile; fileRef = F0761D5E1617708B0011B82E /* UIStoryboardPushNoAnimation.m */; };
		F09BC61C1624A34800552D76 /* Localizable.strings in Resources */ = {isa = PBXBuildFile; fileRef = F09BC61A1624A34800552D76 /* Localizable.strings */; };
		F09BC6241624A7DE00552D76 /* cameraButton.png in Resources */ = {isa = PBXBuildFile; fileRef = F09BC61F1624A7DE00552D76 /* cameraButton.png */; };
		F09BC6251624A7DE00552D76 /* catchy.png in Resources */ = {isa = PBXBuildFile; fileRef = F09BC6201624A7DE00552D76 /* catchy.png */; };
		F09BC6261624A7DE00552D76 /* logo_title.png in Resources */ = {isa = PBXBuildFile; fileRef = F09BC6211624A7DE00552D76 /* logo_title.png */; };
		F09BC6271624A7DE00552D76 /* shinyRedButton.png in Resources */ = {isa = PBXBuildFile; fileRef = F09BC6221624A7DE00552D76 /* shinyRedButton.png */; };
		F09BC6281624A7DE00552D76 /* viewport.png in Resources */ = {isa = PBXBuildFile; fileRef = F09BC6231624A7DE00552D76 /* viewport.png */; };
		F0A1A3E215FE928400F9ACEA /* UIKit.framework in Frameworks */ = {isa = PBXBuildFile; fileRef = F0A1A3E115FE928400F9ACEA /* UIKit.framework */; };
		F0A1A3E415FE928400F9ACEA /* Foundation.framework in Frameworks */ = {isa = PBXBuildFile; fileRef = F0A1A3E315FE928400F9ACEA /* Foundation.framework */; };
		F0A1A3E615FE928400F9ACEA /* CoreGraphics.framework in Frameworks */ = {isa = PBXBuildFile; fileRef = F0A1A3E515FE928400F9ACEA /* CoreGraphics.framework */; };
		F0A1A3E815FE928400F9ACEA /* CoreData.framework in Frameworks */ = {isa = PBXBuildFile; fileRef = F0A1A3E715FE928400F9ACEA /* CoreData.framework */; };
		F0A1A3EE15FE928400F9ACEA /* InfoPlist.strings in Resources */ = {isa = PBXBuildFile; fileRef = F0A1A3EC15FE928400F9ACEA /* InfoPlist.strings */; };
		F0A1A3F015FE928400F9ACEA /* main.m in Sources */ = {isa = PBXBuildFile; fileRef = F0A1A3EF15FE928400F9ACEA /* main.m */; };
		F0A1A3F415FE928400F9ACEA /* AppDelegate.m in Sources */ = {isa = PBXBuildFile; fileRef = F0A1A3F315FE928400F9ACEA /* AppDelegate.m */; };
		F0A1A3F715FE928400F9ACEA /* MainStoryboard_iPhone.storyboard in Resources */ = {isa = PBXBuildFile; fileRef = F0A1A3F515FE928400F9ACEA /* MainStoryboard_iPhone.storyboard */; };
		F0A1A3FA15FE928400F9ACEA /* MainStoryboard_iPad.storyboard in Resources */ = {isa = PBXBuildFile; fileRef = F0A1A3F815FE928400F9ACEA /* MainStoryboard_iPad.storyboard */; };
		F0A6AAE2162186E600E70A6F /* bubble9@2x.png in Resources */ = {isa = PBXBuildFile; fileRef = F0A6AAE1162186E600E70A6F /* bubble9@2x.png */; };
		F0E77BF616010DDE00B4394F /* LogInViewController.m in Sources */ = {isa = PBXBuildFile; fileRef = F0E77BF516010DDE00B4394F /* LogInViewController.m */; };
		F0FBE73C1604F3530079E1A7 /* MasterViewController.m in Sources */ = {isa = PBXBuildFile; fileRef = F0FBE7391604F3530079E1A7 /* MasterViewController.m */; };
		F0FBE73D1604F3530079E1A7 /* DetailViewController.m in Sources */ = {isa = PBXBuildFile; fileRef = F0FBE73B1604F3530079E1A7 /* DetailViewController.m */; };
/* End PBXBuildFile section */

/* Begin PBXFileReference section */
		F002E2C31610F28100CFA3C9 /* bg_main@2x.png */ = {isa = PBXFileReference; lastKnownFileType = image.png; path = "bg_main@2x.png"; sourceTree = "<group>"; };
		F00C4A3C160A72BA00B22558 /* CatchoomCellView.h */ = {isa = PBXFileReference; fileEncoding = 4; lastKnownFileType = sourcecode.c.h; path = CatchoomCellView.h; sourceTree = "<group>"; };
		F00C4A3D160A72BA00B22558 /* CatchoomCellView.m */ = {isa = PBXFileReference; fileEncoding = 4; lastKnownFileType = sourcecode.c.objc; path = CatchoomCellView.m; sourceTree = "<group>"; };
		F01511F21618499E005D4335 /* icon_settings.png */ = {isa = PBXFileReference; lastKnownFileType = image.png; path = icon_settings.png; sourceTree = "<group>"; };
		F01511F51618500B005D4335 /* Icon-72.png */ = {isa = PBXFileReference; lastKnownFileType = image.png; path = "Icon-72.png"; sourceTree = "<group>"; };
		F01511F716185020005D4335 /* Icon.png */ = {isa = PBXFileReference; lastKnownFileType = image.png; path = Icon.png; sourceTree = "<group>"; };
		F01511F916185026005D4335 /* Icon@2x.png */ = {isa = PBXFileReference; lastKnownFileType = image.png; path = "Icon@2x.png"; sourceTree = "<group>"; };
		F01E1B331613A29000954BE3 /* Default@2x.png */ = {isa = PBXFileReference; lastKnownFileType = image.png; path = "Default@2x.png"; sourceTree = "<group>"; };
		F01E1B351613A29F00954BE3 /* Default.png */ = {isa = PBXFileReference; lastKnownFileType = image.png; path = Default.png; sourceTree = "<group>"; };
		F01E1B371613A2A500954BE3 /* Default-Landscape@2x~ipad.png */ = {isa = PBXFileReference; lastKnownFileType = image.png; path = "Default-Landscape@2x~ipad.png"; sourceTree = "<group>"; };
		F01E1B391613A2AB00954BE3 /* Default-Landscape~ipad.png */ = {isa = PBXFileReference; lastKnownFileType = image.png; path = "Default-Landscape~ipad.png"; sourceTree = "<group>"; };
		F026D62D15FE962E00AC3FC9 /* CFNetwork.framework */ = {isa = PBXFileReference; lastKnownFileType = wrapper.framework; name = CFNetwork.framework; path = System/Library/Frameworks/CFNetwork.framework; sourceTree = SDKROOT; };
		F026D62F15FE964200AC3FC9 /* MobileCoreServices.framework */ = {isa = PBXFileReference; lastKnownFileType = wrapper.framework; name = MobileCoreServices.framework; path = System/Library/Frameworks/MobileCoreServices.framework; sourceTree = SDKROOT; };
		F026D63115FE964B00AC3FC9 /* Security.framework */ = {isa = PBXFileReference; lastKnownFileType = wrapper.framework; name = Security.framework; path = System/Library/Frameworks/Security.framework; sourceTree = SDKROOT; };
		F026D63315FE965500AC3FC9 /* SystemConfiguration.framework */ = {isa = PBXFileReference; lastKnownFileType = wrapper.framework; name = SystemConfiguration.framework; path = System/Library/Frameworks/SystemConfiguration.framework; sourceTree = SDKROOT; };
		F026D63515FE965E00AC3FC9 /* QuartzCore.framework */ = {isa = PBXFileReference; lastKnownFileType = wrapper.framework; name = QuartzCore.framework; path = System/Library/Frameworks/QuartzCore.framework; sourceTree = SDKROOT; };
		F026D63715FE966A00AC3FC9 /* libxml2.dylib */ = {isa = PBXFileReference; lastKnownFileType = "compiled.mach-o.dylib"; name = libxml2.dylib; path = usr/lib/libxml2.dylib; sourceTree = SDKROOT; };
		F02A7355161109AD0026ADDD /* catchy@2x.png */ = {isa = PBXFileReference; lastKnownFileType = image.png; path = "catchy@2x.png"; sourceTree = "<group>"; };
		F02A735B161110910026ADDD /* logo_title@2x.png */ = {isa = PBXFileReference; lastKnownFileType = image.png; path = "logo_title@2x.png"; sourceTree = "<group>"; };
		F04605151605DA3D0010FB13 /* UIStoryboardSegueNoAnim.h */ = {isa = PBXFileReference; fileEncoding = 4; lastKnownFileType = sourcecode.c.h; path = UIStoryboardSegueNoAnim.h; sourceTree = "<group>"; };
		F04605161605DA3D0010FB13 /* UIStoryboardSegueNoAnim.m */ = {isa = PBXFileReference; fileEncoding = 4; lastKnownFileType = sourcecode.c.objc; path = UIStoryboardSegueNoAnim.m; sourceTree = "<group>"; };
		F05F035916217AA300933943 /* icomGallery@2x.png */ = {isa = PBXFileReference; lastKnownFileType = image.png; path = "icomGallery@2x.png"; sourceTree = "<group>"; };
		F05F035B16217B1E00933943 /* icomGallery.png */ = {isa = PBXFileReference; lastKnownFileType = image.png; path = icomGallery.png; sourceTree = "<group>"; };
		F05F08DE161253E1009A0A17 /* viewport@2x.png */ = {isa = PBXFileReference; lastKnownFileType = image.png; path = "viewport@2x.png"; sourceTree = "<group>"; };
		F060EEDC16138D0000B33DB0 /* cameraButton@2x.png */ = {isa = PBXFileReference; lastKnownFileType = image.png; path = "cameraButton@2x.png"; sourceTree = "<group>"; };
		F060EEDE16138F1300B33DB0 /* shinyRedButton@2x.png */ = {isa = PBXFileReference; lastKnownFileType = image.png; path = "shinyRedButton@2x.png"; sourceTree = "<group>"; };
		F0669356160B9B5A00798412 /* Default-568h@2x.png */ = {isa = PBXFileReference; lastKnownFileType = image.png; path = "Default-568h@2x.png"; sourceTree = "<group>"; };
		F0761D5A161767070011B82E /* SplasScreenViewController.h */ = {isa = PBXFileReference; fileEncoding = 4; lastKnownFileType = sourcecode.c.h; path = SplasScreenViewController.h; sourceTree = "<group>"; };
		F0761D5B161767070011B82E /* SplasScreenViewController.m */ = {isa = PBXFileReference; fileEncoding = 4; lastKnownFileType = sourcecode.c.objc; path = SplasScreenViewController.m; sourceTree = "<group>"; };
		F0761D5D1617708B0011B82E /* UIStoryboardPushNoAnimation.h */ = {isa = PBXFileReference; fileEncoding = 4; lastKnownFileType = sourcecode.c.h; path = UIStoryboardPushNoAnimation.h; sourceTree = "<group>"; };
		F0761D5E1617708B0011B82E /* UIStoryboardPushNoAnimation.m */ = {isa = PBXFileReference; fileEncoding = 4; lastKnownFileType = sourcecode.c.objc; path = UIStoryboardPushNoAnimation.m; sourceTree = "<group>"; };
		F09BC61B1624A34800552D76 /* en */ = {isa = PBXFileReference; lastKnownFileType = text.plist.strings; name = en; path = en.lproj/Localizable.strings; sourceTree = "<group>"; };
		F09BC61F1624A7DE00552D76 /* cameraButton.png */ = {isa = PBXFileReference; lastKnownFileType = image.png; path = cameraButton.png; sourceTree = "<group>"; };
		F09BC6201624A7DE00552D76 /* catchy.png */ = {isa = PBXFileReference; lastKnownFileType = image.png; path = catchy.png; sourceTree = "<group>"; };
		F09BC6211624A7DE00552D76 /* logo_title.png */ = {isa = PBXFileReference; lastKnownFileType = image.png; path = logo_title.png; sourceTree = "<group>"; };
		F09BC6221624A7DE00552D76 /* shinyRedButton.png */ = {isa = PBXFileReference; lastKnownFileType = image.png; path = shinyRedButton.png; sourceTree = "<group>"; };
		F09BC6231624A7DE00552D76 /* viewport.png */ = {isa = PBXFileReference; lastKnownFileType = image.png; path = viewport.png; sourceTree = "<group>"; };
		F0A1A3DD15FE928400F9ACEA /* Catchoom.app */ = {isa = PBXFileReference; explicitFileType = wrapper.application; includeInIndex = 0; path = Catchoom.app; sourceTree = BUILT_PRODUCTS_DIR; };
		F0A1A3E115FE928400F9ACEA /* UIKit.framework */ = {isa = PBXFileReference; lastKnownFileType = wrapper.framework; name = UIKit.framework; path = System/Library/Frameworks/UIKit.framework; sourceTree = SDKROOT; };
		F0A1A3E315FE928400F9ACEA /* Foundation.framework */ = {isa = PBXFileReference; lastKnownFileType = wrapper.framework; name = Foundation.framework; path = System/Library/Frameworks/Foundation.framework; sourceTree = SDKROOT; };
		F0A1A3E515FE928400F9ACEA /* CoreGraphics.framework */ = {isa = PBXFileReference; lastKnownFileType = wrapper.framework; name = CoreGraphics.framework; path = System/Library/Frameworks/CoreGraphics.framework; sourceTree = SDKROOT; };
		F0A1A3E715FE928400F9ACEA /* CoreData.framework */ = {isa = PBXFileReference; lastKnownFileType = wrapper.framework; name = CoreData.framework; path = System/Library/Frameworks/CoreData.framework; sourceTree = SDKROOT; };
		F0A1A3EB15FE928400F9ACEA /* Catchoom-Info.plist */ = {isa = PBXFileReference; lastKnownFileType = text.plist.xml; path = "Catchoom-Info.plist"; sourceTree = "<group>"; };
		F0A1A3ED15FE928400F9ACEA /* en */ = {isa = PBXFileReference; lastKnownFileType = text.plist.strings; name = en; path = en.lproj/InfoPlist.strings; sourceTree = "<group>"; };
		F0A1A3EF15FE928400F9ACEA /* main.m */ = {isa = PBXFileReference; lastKnownFileType = sourcecode.c.objc; path = main.m; sourceTree = "<group>"; };
		F0A1A3F115FE928400F9ACEA /* Catchoom-Prefix.pch */ = {isa = PBXFileReference; lastKnownFileType = sourcecode.c.h; path = "Catchoom-Prefix.pch"; sourceTree = "<group>"; };
		F0A1A3F215FE928400F9ACEA /* AppDelegate.h */ = {isa = PBXFileReference; lastKnownFileType = sourcecode.c.h; path = AppDelegate.h; sourceTree = "<group>"; };
		F0A1A3F315FE928400F9ACEA /* AppDelegate.m */ = {isa = PBXFileReference; lastKnownFileType = sourcecode.c.objc; path = AppDelegate.m; sourceTree = "<group>"; };
		F0A1A3F615FE928400F9ACEA /* en */ = {isa = PBXFileReference; lastKnownFileType = file.storyboard; name = en; path = en.lproj/MainStoryboard_iPhone.storyboard; sourceTree = "<group>"; };
		F0A1A3F915FE928400F9ACEA /* en */ = {isa = PBXFileReference; lastKnownFileType = file.storyboard; name = en; path = en.lproj/MainStoryboard_iPad.storyboard; sourceTree = "<group>"; };
		F0A6AAE1162186E600E70A6F /* bubble9@2x.png */ = {isa = PBXFileReference; lastKnownFileType = image.png; path = "bubble9@2x.png"; sourceTree = "<group>"; };
		F0E77BF416010DDE00B4394F /* LogInViewController.h */ = {isa = PBXFileReference; fileEncoding = 4; lastKnownFileType = sourcecode.c.h; path = LogInViewController.h; sourceTree = "<group>"; };
		F0E77BF516010DDE00B4394F /* LogInViewController.m */ = {isa = PBXFileReference; fileEncoding = 4; lastKnownFileType = sourcecode.c.objc; path = LogInViewController.m; sourceTree = "<group>"; };
		F0FBE7391604F3530079E1A7 /* MasterViewController.m */ = {isa = PBXFileReference; fileEncoding = 4; lastKnownFileType = sourcecode.c.objc; path = MasterViewController.m; sourceTree = "<group>"; };
		F0FBE73A1604F3530079E1A7 /* DetailViewController.h */ = {isa = PBXFileReference; fileEncoding = 4; lastKnownFileType = sourcecode.c.h; path = DetailViewController.h; sourceTree = "<group>"; };
		F0FBE73B1604F3530079E1A7 /* DetailViewController.m */ = {isa = PBXFileReference; fileEncoding = 4; lastKnownFileType = sourcecode.c.objc; path = DetailViewController.m; sourceTree = "<group>"; };
		F0FBE73E1604F37F0079E1A7 /* MasterViewController.h */ = {isa = PBXFileReference; fileEncoding = 4; lastKnownFileType = sourcecode.c.h; path = MasterViewController.h; sourceTree = "<group>"; };
/* End PBXFileReference section */

/* Begin PBXFrameworksBuildPhase section */
		F0A1A3DA15FE928400F9ACEA /* Frameworks */ = {
			isa = PBXFrameworksBuildPhase;
			buildActionMask = 2147483647;
			files = (
				F03F113C160A8F1900F1CEBD /* MobileCoreServices.framework in Frameworks */,
				F03F112D160A8E0900F1CEBD /* libxml2.dylib in Frameworks */,
				F026D63615FE965E00AC3FC9 /* QuartzCore.framework in Frameworks */,
				F026D63415FE965500AC3FC9 /* SystemConfiguration.framework in Frameworks */,
				F026D63215FE964B00AC3FC9 /* Security.framework in Frameworks */,
				F0A1A3E815FE928400F9ACEA /* CoreData.framework in Frameworks */,
				F026D62E15FE962E00AC3FC9 /* CFNetwork.framework in Frameworks */,
				F0A1A3E215FE928400F9ACEA /* UIKit.framework in Frameworks */,
				F0A1A3E415FE928400F9ACEA /* Foundation.framework in Frameworks */,
				F0A1A3E615FE928400F9ACEA /* CoreGraphics.framework in Frameworks */,
			);
			runOnlyForDeploymentPostprocessing = 0;
		};
/* End PBXFrameworksBuildPhase section */

/* Begin PBXGroup section */
		F002E2C11610F26400CFA3C9 /* Assets */ = {
			isa = PBXGroup;
			children = (
				F01511F416184BC9005D4335 /* non retina */,
				F002E2C21610F26E00CFA3C9 /* IphoneRetina */,
			);
			name = Assets;
			sourceTree = "<group>";
		};
		F002E2C21610F26E00CFA3C9 /* IphoneRetina */ = {
			isa = PBXGroup;
			children = (
				F0A6AAE1162186E600E70A6F /* bubble9@2x.png */,
				F05F035916217AA300933943 /* icomGallery@2x.png */,
				F060EEDE16138F1300B33DB0 /* shinyRedButton@2x.png */,
				F060EEDC16138D0000B33DB0 /* cameraButton@2x.png */,
				F05F08DE161253E1009A0A17 /* viewport@2x.png */,
				F02A735B161110910026ADDD /* logo_title@2x.png */,
				F02A7355161109AD0026ADDD /* catchy@2x.png */,
				F002E2C31610F28100CFA3C9 /* bg_main@2x.png */,
			);
			name = IphoneRetina;
			sourceTree = "<group>";
		};
		F01511F416184BC9005D4335 /* non retina */ = {
			isa = PBXGroup;
			children = (
				F09BC61F1624A7DE00552D76 /* cameraButton.png */,
				F09BC6201624A7DE00552D76 /* catchy.png */,
				F09BC6211624A7DE00552D76 /* logo_title.png */,
				F09BC6221624A7DE00552D76 /* shinyRedButton.png */,
				F09BC6231624A7DE00552D76 /* viewport.png */,
				F05F035B16217B1E00933943 /* icomGallery.png */,
				F01511F21618499E005D4335 /* icon_settings.png */,
			);
			name = "non retina";
			sourceTree = "<group>";
		};
		F026D63915FE96AB00AC3FC9 /* storyboards */ = {
			isa = PBXGroup;
			children = (
				F0A1A3F515FE928400F9ACEA /* MainStoryboard_iPhone.storyboard */,
				F0A1A3F815FE928400F9ACEA /* MainStoryboard_iPad.storyboard */,
			);
			name = storyboards;
			sourceTree = "<group>";
		};
		F04605141605DA080010FB13 /* Helpers */ = {
			isa = PBXGroup;
			children = (
				F04605151605DA3D0010FB13 /* UIStoryboardSegueNoAnim.h */,
				F04605161605DA3D0010FB13 /* UIStoryboardSegueNoAnim.m */,
				F0761D5D1617708B0011B82E /* UIStoryboardPushNoAnimation.h */,
				F0761D5E1617708B0011B82E /* UIStoryboardPushNoAnimation.m */,
			);
			name = Helpers;
			sourceTree = "<group>";
		};
		F0A1A3D215FE928400F9ACEA = {
			isa = PBXGroup;
			children = (
				F01511F916185026005D4335 /* Icon@2x.png */,
				F01511F716185020005D4335 /* Icon.png */,
				F01511F51618500B005D4335 /* Icon-72.png */,
				F01E1B391613A2AB00954BE3 /* Default-Landscape~ipad.png */,
				F01E1B371613A2A500954BE3 /* Default-Landscape@2x~ipad.png */,
				F01E1B351613A29F00954BE3 /* Default.png */,
				F01E1B331613A29000954BE3 /* Default@2x.png */,
				F0669356160B9B5A00798412 /* Default-568h@2x.png */,
				F0A1A3E915FE928400F9ACEA /* Catchoom */,
				F0A1A3E015FE928400F9ACEA /* Frameworks */,
				F0A1A3DE15FE928400F9ACEA /* Products */,
			);
			sourceTree = "<group>";
		};
		F0A1A3DE15FE928400F9ACEA /* Products */ = {
			isa = PBXGroup;
			children = (
				F0A1A3DD15FE928400F9ACEA /* Catchoom.app */,
			);
			name = Products;
			sourceTree = "<group>";
		};
		F0A1A3E015FE928400F9ACEA /* Frameworks */ = {
			isa = PBXGroup;
			children = (
				F026D63715FE966A00AC3FC9 /* libxml2.dylib */,
				F026D63515FE965E00AC3FC9 /* QuartzCore.framework */,
				F026D63315FE965500AC3FC9 /* SystemConfiguration.framework */,
				F026D63115FE964B00AC3FC9 /* Security.framework */,
				F026D62F15FE964200AC3FC9 /* MobileCoreServices.framework */,
				F026D62D15FE962E00AC3FC9 /* CFNetwork.framework */,
				F0A1A3E115FE928400F9ACEA /* UIKit.framework */,
				F0A1A3E315FE928400F9ACEA /* Foundation.framework */,
				F0A1A3E515FE928400F9ACEA /* CoreGraphics.framework */,
				F0A1A3E715FE928400F9ACEA /* CoreData.framework */,
			);
			name = Frameworks;
			sourceTree = "<group>";
		};
		F0A1A3E915FE928400F9ACEA /* Catchoom */ = {
			isa = PBXGroup;
			children = (
				F04605141605DA080010FB13 /* Helpers */,
				F026D63915FE96AB00AC3FC9 /* storyboards */,
				F0A1A3F215FE928400F9ACEA /* AppDelegate.h */,
				F0A1A3F315FE928400F9ACEA /* AppDelegate.m */,
				F0761D5A161767070011B82E /* SplasScreenViewController.h */,
				F0761D5B161767070011B82E /* SplasScreenViewController.m */,
				F0E77BF416010DDE00B4394F /* LogInViewController.h */,
				F0E77BF516010DDE00B4394F /* LogInViewController.m */,
				F0FBE73E1604F37F0079E1A7 /* MasterViewController.h */,
				F0FBE7391604F3530079E1A7 /* MasterViewController.m */,
				F0FBE73A1604F3530079E1A7 /* DetailViewController.h */,
				F0FBE73B1604F3530079E1A7 /* DetailViewController.m */,
				F00C4A3C160A72BA00B22558 /* CatchoomCellView.h */,
				F00C4A3D160A72BA00B22558 /* CatchoomCellView.m */,
				F0A1A3EA15FE928400F9ACEA /* Supporting Files */,
			);
			path = Catchoom;
			sourceTree = "<group>";
		};
		F0A1A3EA15FE928400F9ACEA /* Supporting Files */ = {
			isa = PBXGroup;
			children = (
				F002E2C11610F26400CFA3C9 /* Assets */,
				F0A1A3EB15FE928400F9ACEA /* Catchoom-Info.plist */,
				F0A1A3EC15FE928400F9ACEA /* InfoPlist.strings */,
				F09BC61A1624A34800552D76 /* Localizable.strings */,
				F0A1A3EF15FE928400F9ACEA /* main.m */,
				F0A1A3F115FE928400F9ACEA /* Catchoom-Prefix.pch */,
			);
			name = "Supporting Files";
			sourceTree = "<group>";
		};
/* End PBXGroup section */

/* Begin PBXNativeTarget section */
		F0A1A3DC15FE928400F9ACEA /* Catchoom */ = {
			isa = PBXNativeTarget;
			buildConfigurationList = F0A1A40615FE928400F9ACEA /* Build configuration list for PBXNativeTarget "Catchoom" */;
			buildPhases = (
				F0A1A3D915FE928400F9ACEA /* Sources */,
				F0A1A3DA15FE928400F9ACEA /* Frameworks */,
				F0A1A3DB15FE928400F9ACEA /* Resources */,
			);
			buildRules = (
			);
			dependencies = (
			);
			name = Catchoom;
			productName = Catchoom;
			productReference = F0A1A3DD15FE928400F9ACEA /* Catchoom.app */;
			productType = "com.apple.product-type.application";
		};
/* End PBXNativeTarget section */

/* Begin PBXProject section */
		F0A1A3D415FE928400F9ACEA /* Project object */ = {
			isa = PBXProject;
			attributes = {
				LastUpgradeCheck = 0440;
				ORGANIZATIONNAME = Catchoom;
			};
			buildConfigurationList = F0A1A3D715FE928400F9ACEA /* Build configuration list for PBXProject "Catchoom" */;
			compatibilityVersion = "Xcode 3.2";
			developmentRegion = English;
			hasScannedForEncodings = 0;
			knownRegions = (
				en,
			);
			mainGroup = F0A1A3D215FE928400F9ACEA;
			productRefGroup = F0A1A3DE15FE928400F9ACEA /* Products */;
			projectDirPath = "";
			projectRoot = "";
			targets = (
				F0A1A3DC15FE928400F9ACEA /* Catchoom */,
			);
		};
/* End PBXProject section */

/* Begin PBXResourcesBuildPhase section */
		F0A1A3DB15FE928400F9ACEA /* Resources */ = {
			isa = PBXResourcesBuildPhase;
			buildActionMask = 2147483647;
			files = (
				F0A1A3EE15FE928400F9ACEA /* InfoPlist.strings in Resources */,
				F0A1A3F715FE928400F9ACEA /* MainStoryboard_iPhone.storyboard in Resources */,
				F0A1A3FA15FE928400F9ACEA /* MainStoryboard_iPad.storyboard in Resources */,
				F0669357160B9B5A00798412 /* Default-568h@2x.png in Resources */,
				F002E2C41610F28100CFA3C9 /* bg_main@2x.png in Resources */,
				F02A7356161109AD0026ADDD /* catchy@2x.png in Resources */,
				F02A735C161110910026ADDD /* logo_title@2x.png in Resources */,
				F05F08DF161253E1009A0A17 /* viewport@2x.png in Resources */,
				F060EEDD16138D0000B33DB0 /* cameraButton@2x.png in Resources */,
				F060EEDF16138F1300B33DB0 /* shinyRedButton@2x.png in Resources */,
				F01E1B341613A29000954BE3 /* Default@2x.png in Resources */,
				F01E1B361613A29F00954BE3 /* Default.png in Resources */,
				F01E1B381613A2A500954BE3 /* Default-Landscape@2x~ipad.png in Resources */,
				F01E1B3A1613A2AB00954BE3 /* Default-Landscape~ipad.png in Resources */,
				F01511F31618499E005D4335 /* icon_settings.png in Resources */,
				F01511F61618500B005D4335 /* Icon-72.png in Resources */,
				F01511F816185020005D4335 /* Icon.png in Resources */,
				F01511FA16185026005D4335 /* Icon@2x.png in Resources */,
				F05F035A16217AA300933943 /* icomGallery@2x.png in Resources */,
				F05F035C16217B1E00933943 /* icomGallery.png in Resources */,
				F0A6AAE2162186E600E70A6F /* bubble9@2x.png in Resources */,
				F09BC61C1624A34800552D76 /* Localizable.strings in Resources */,
				F09BC6241624A7DE00552D76 /* cameraButton.png in Resources */,
				F09BC6251624A7DE00552D76 /* catchy.png in Resources */,
				F09BC6261624A7DE00552D76 /* logo_title.png in Resources */,
				F09BC6271624A7DE00552D76 /* shinyRedButton.png in Resources */,
				F09BC6281624A7DE00552D76 /* viewport.png in Resources */,
			);
			runOnlyForDeploymentPostprocessing = 0;
		};
/* End PBXResourcesBuildPhase section */

/* Begin PBXSourcesBuildPhase section */
		F0A1A3D915FE928400F9ACEA /* Sources */ = {
			isa = PBXSourcesBuildPhase;
			buildActionMask = 2147483647;
			files = (
				F0A1A3F015FE928400F9ACEA /* main.m in Sources */,
				F0A1A3F415FE928400F9ACEA /* AppDelegate.m in Sources */,
				F0E77BF616010DDE00B4394F /* LogInViewController.m in Sources */,
				F0FBE73C1604F3530079E1A7 /* MasterViewController.m in Sources */,
				F0FBE73D1604F3530079E1A7 /* DetailViewController.m in Sources */,
				F04605171605DA3D0010FB13 /* UIStoryboardSegueNoAnim.m in Sources */,
				F00C4A3E160A72BA00B22558 /* CatchoomCellView.m in Sources */,
				F0761D5C161767070011B82E /* SplasScreenViewController.m in Sources */,
				F0761D5F1617708B0011B82E /* UIStoryboardPushNoAnimation.m in Sources */,
			);
			runOnlyForDeploymentPostprocessing = 0;
		};
/* End PBXSourcesBuildPhase section */

/* Begin PBXVariantGroup section */
		F09BC61A1624A34800552D76 /* Localizable.strings */ = {
			isa = PBXVariantGroup;
			children = (
				F09BC61B1624A34800552D76 /* en */,
			);
			name = Localizable.strings;
			sourceTree = "<group>";
		};
		F0A1A3EC15FE928400F9ACEA /* InfoPlist.strings */ = {
			isa = PBXVariantGroup;
			children = (
				F0A1A3ED15FE928400F9ACEA /* en */,
			);
			name = InfoPlist.strings;
			sourceTree = "<group>";
		};
		F0A1A3F515FE928400F9ACEA /* MainStoryboard_iPhone.storyboard */ = {
			isa = PBXVariantGroup;
			children = (
				F0A1A3F615FE928400F9ACEA /* en */,
			);
			name = MainStoryboard_iPhone.storyboard;
			sourceTree = "<group>";
		};
		F0A1A3F815FE928400F9ACEA /* MainStoryboard_iPad.storyboard */ = {
			isa = PBXVariantGroup;
			children = (
				F0A1A3F915FE928400F9ACEA /* en */,
			);
			name = MainStoryboard_iPad.storyboard;
			sourceTree = "<group>";
		};
/* End PBXVariantGroup section */

/* Begin XCBuildConfiguration section */
		F0A1A40415FE928400F9ACEA /* Debug */ = {
			isa = XCBuildConfiguration;
			buildSettings = {
				ALWAYS_SEARCH_USER_PATHS = NO;
				ARCHS = "$(ARCHS_STANDARD_32_BIT)";
				CLANG_CXX_LANGUAGE_STANDARD = "gnu++0x";
				CLANG_ENABLE_OBJC_ARC = YES;
				CLANG_WARN__DUPLICATE_METHOD_MATCH = YES;
				"CODE_SIGN_IDENTITY[sdk=iphoneos*]" = "iPhone Developer";
				COPY_PHASE_STRIP = NO;
				GCC_C_LANGUAGE_STANDARD = gnu99;
				GCC_DYNAMIC_NO_PIC = NO;
				GCC_OPTIMIZATION_LEVEL = 0;
				GCC_PREPROCESSOR_DEFINITIONS = (
					"DEBUG=1",
					"$(inherited)",
				);
				GCC_SYMBOLS_PRIVATE_EXTERN = NO;
				GCC_VERSION = com.apple.compilers.llvm.clang.1_0;
				GCC_WARN_ABOUT_RETURN_TYPE = YES;
				GCC_WARN_UNINITIALIZED_AUTOS = YES;
				GCC_WARN_UNUSED_VARIABLE = YES;
				IPHONEOS_DEPLOYMENT_TARGET = 5.0;
				SDKROOT = iphoneos;
				TARGETED_DEVICE_FAMILY = "1,2";
				VALID_ARCHS = "armv7 armv7s";
			};
			name = Debug;
		};
		F0A1A40515FE928400F9ACEA /* Release */ = {
			isa = XCBuildConfiguration;
			buildSettings = {
				ALWAYS_SEARCH_USER_PATHS = NO;
				ARCHS = "$(ARCHS_STANDARD_32_BIT)";
				CLANG_CXX_LANGUAGE_STANDARD = "gnu++0x";
				CLANG_ENABLE_OBJC_ARC = YES;
				CLANG_WARN__DUPLICATE_METHOD_MATCH = YES;
				"CODE_SIGN_IDENTITY[sdk=iphoneos*]" = "iPhone Developer";
				COPY_PHASE_STRIP = YES;
				GCC_C_LANGUAGE_STANDARD = gnu99;
				GCC_VERSION = com.apple.compilers.llvm.clang.1_0;
				GCC_WARN_ABOUT_RETURN_TYPE = YES;
				GCC_WARN_UNINITIALIZED_AUTOS = YES;
				GCC_WARN_UNUSED_VARIABLE = YES;
				IPHONEOS_DEPLOYMENT_TARGET = 5.0;
				OTHER_CFLAGS = "-DNS_BLOCK_ASSERTIONS=1";
				SDKROOT = iphoneos;
				TARGETED_DEVICE_FAMILY = "1,2";
				VALIDATE_PRODUCT = YES;
				VALID_ARCHS = "armv7 armv7s";
			};
			name = Release;
		};
		F0A1A40715FE928400F9ACEA /* Debug */ = {
			isa = XCBuildConfiguration;
			buildSettings = {
				ARCHS = "$(ARCHS_STANDARD_32_BIT)";
				CODE_SIGN_IDENTITY = "iPhone Developer";
				GCC_GENERATE_DEBUGGING_SYMBOLS = YES;
				GCC_PRECOMPILE_PREFIX_HEADER = YES;
				GCC_PREFIX_HEADER = "Catchoom/Catchoom-Prefix.pch";
				HEADER_SEARCH_PATHS = (
					"”$(OBJROOT)/UninstalledProducts/include”",
					"”$(TARGET_BUILD_DIR)/usr/local/lib/include”",
					"\"$(BUILT_PRODUCTS_DIR)/../../Headers\"",
				);
				INFOPLIST_FILE = "Catchoom/Catchoom-Info.plist";
				IPHONEOS_DEPLOYMENT_TARGET = 5.0;
				LIBRARY_SEARCH_PATHS = (
					"$(inherited)",
					"\"$(SRCROOT)\"",
					"\"$(SRCROOT)/Catchoom\"",
					"\"$(SRCROOT)/../../../Library/Developer/Xcode/DerivedData/Catchoom-fyvafokpcqgnqregvpjhhiwuesan/Build/Products/Debug-iphoneos\"",
				);
				OTHER_LDFLAGS = (
					"-ObjC",
					"-all_load",
				);
				PRODUCT_NAME = "$(TARGET_NAME)";
				PROVISIONING_PROFILE = "";
				SDKROOT = iphoneos;
				VALID_ARCHS = "armv7 armv7s";
				WRAPPER_EXTENSION = app;
			};
			name = Debug;
		};
		F0A1A40815FE928400F9ACEA /* Release */ = {
			isa = XCBuildConfiguration;
			buildSettings = {
				ARCHS = "$(ARCHS_STANDARD_32_BIT)";
				GCC_GENERATE_DEBUGGING_SYMBOLS = YES;
				GCC_PRECOMPILE_PREFIX_HEADER = YES;
				GCC_PREFIX_HEADER = "Catchoom/Catchoom-Prefix.pch";
				HEADER_SEARCH_PATHS = (
					"”$(OBJROOT)/UninstalledProducts/include”",
					"”$(TARGET_BUILD_DIR)/usr/local/lib/include”",
					"\"$(BUILT_PRODUCTS_DIR)/../../Headers\"",
				);
				INFOPLIST_FILE = "Catchoom/Catchoom-Info.plist";
				IPHONEOS_DEPLOYMENT_TARGET = 5.0;
				LIBRARY_SEARCH_PATHS = (
					"$(inherited)",
					"\"$(SRCROOT)\"",
					"\"$(SRCROOT)/Catchoom\"",
					"\"$(SRCROOT)/../../../Library/Developer/Xcode/DerivedData/Catchoom-fyvafokpcqgnqregvpjhhiwuesan/Build/Products/Debug-iphoneos\"",
				);
				OTHER_LDFLAGS = (
					"-ObjC",
					"-all_load",
				);
				PRODUCT_NAME = "$(TARGET_NAME)";
				SDKROOT = iphoneos;
				VALID_ARCHS = "armv7 armv7s";
				WRAPPER_EXTENSION = app;
			};
			name = Release;
		};
/* End XCBuildConfiguration section */

/* Begin XCConfigurationList section */
		F0A1A3D715FE928400F9ACEA /* Build configuration list for PBXProject "Catchoom" */ = {
			isa = XCConfigurationList;
			buildConfigurations = (
				F0A1A40415FE928400F9ACEA /* Debug */,
				F0A1A40515FE928400F9ACEA /* Release */,
			);
			defaultConfigurationIsVisible = 0;
			defaultConfigurationName = Debug;
		};
		F0A1A40615FE928400F9ACEA /* Build configuration list for PBXNativeTarget "Catchoom" */ = {
			isa = XCConfigurationList;
			buildConfigurations = (
				F0A1A40715FE928400F9ACEA /* Debug */,
				F0A1A40815FE928400F9ACEA /* Release */,
			);
			defaultConfigurationIsVisible = 0;
			defaultConfigurationName = Debug;
		};
/* End XCConfigurationList section */
	};
	rootObject = F0A1A3D415FE928400F9ACEA /* Project object */;
}
